<Solution>
<Project Path="Api/MyPortfolio.Api.csproj" />
<Project Path="DataAcccess/MyPortfolio.DataAccess.csproj" />
<Project Path="Database/MyPortfolio.Database.sqlproj"><Build /></Project>
<Project Path="MyPortfolio.Core/MyPortfolio.Core.csproj" />
<Project Path="MyPortfolio/MyPortfolio.web.csproj" />
</Solution>
